# This file is autogenerated, do not edit; changes may be undone by the next 'dep ensure'.


[[projects]]
  branch = "master"
  digest = "1:4cf11742b199ab3aacf26b00187e72f7ff8ba2145f363b74f295d54f098f79e4"
  name = "github.com/agl/ed25519"
  packages = [
    ".",
    "edwards25519",
    "extra25519",
  ]
  pruneopts = "UT"
  revision = "5312a61534124124185d41f09206b9fef1d88403"

[[projects]]
  branch = "master"
  digest = "1:573b69a7f5d00bde0b356450e3dcf50a4b60afacd721fcfddaf3165cb01afeea"
  name = "github.com/btc/pubsub"
  packages = ["."]
  pruneopts = "UT"
  revision = "39ce5f556423a4c7223b370fa17a3bbd75b2d197"

[[projects]]
  branch = "master"
  digest = "1:2c00f064ba355903866cbfbf3f7f4c0fe64af6638cc7d1b8bdcf3181bc67f1d8"
  name = "github.com/btcsuite/btcd"
  packages = ["btcec"]
  pruneopts = "UT"
  revision = "79e00513b1011888b1e675157ab89f527f901cae"

[[projects]]
  branch = "master"
  digest = "1:5e33f17a0345f8ff94763b128e790293c0d5b060d57a32aadfcc23fd51a619fa"
  name = "github.com/buger/jsonparser"
  packages = ["."]
  pruneopts = "UT"
  revision = "6acdf747ae99cad92d1e8134606008acaca71844"

[[projects]]
  digest = "1:0ef770954bca104ee99b3b6b7f9b240605ac03517d9f98cbc1893daa03f3c038"
  name = "github.com/coreos/go-semver"
  packages = ["semver"]
  pruneopts = "UT"
  revision = "8ab6407b697782a06568d4b7f1db25550ec2e4c6"
  version = "v0.2.0"

[[projects]]
  digest = "1:ffe9824d294da03b391f44e1ae8281281b4afc1bdaa9588c9097785e3af10cec"
  name = "github.com/davecgh/go-spew"
  packages = ["spew"]
  pruneopts = "UT"
  revision = "8991bc29aa16c548c550c7ff78260e27b9ab7c73"
  version = "v1.1.1"

[[projects]]
  digest = "1:d1341a04a4443bba8c8af76ec6c3960206074490a1284b4853ff5a88a66c63b7"
  name = "github.com/fd/go-nat"
  packages = ["."]
  pruneopts = "UT"
  revision = "bad65a492f32121a87197f4a085905c35e2a367e"
  version = "v1.0.0"

[[projects]]
  digest = "1:adea5a94903eb4384abef30f3d878dc9ff6b6b5b0722da25b82e5169216dfb61"
  name = "github.com/go-sql-driver/mysql"
  packages = ["."]
  pruneopts = "UT"
  revision = "d523deb1b23d913de5bdada721a6071e71283618"
  version = "v1.4.0"

[[projects]]
  digest = "1:586ea76dbd0374d6fb649a91d70d652b7fe0ccffb8910a77468e7702e7901f3d"
  name = "github.com/go-stack/stack"
  packages = ["."]
  pruneopts = "UT"
  revision = "2fee6af1a9795aafbe0253a0cfbdf668e1fb8a9a"
  version = "v1.8.0"

[[projects]]
  digest = "1:2537bea8e6a4a90946bcd145cbdbd6f54d2dc263b3dee0ad96894e555a474f8b"
  name = "github.com/gogo/protobuf"
  packages = [
    "io",
    "proto",
  ]
  pruneopts = "UT"
  revision = "636bf0302bc95575d69441b25a2603156ffdddf1"
  version = "v1.1.1"

[[projects]]
  branch = "master"
  digest = "1:1ba1d79f2810270045c328ae5d674321db34e3aae468eb4233883b473c5c0467"
  name = "github.com/golang/glog"
  packages = ["."]
  pruneopts = "UT"
  revision = "23def4e6c14b4da8ac2ed8007337bc5eb5007998"

[[projects]]
  digest = "1:fa5e9e1af8a8645086811ec5ab003806026babc57c8bb3a6f7e1ab34b80e2ff1"
  name = "github.com/golang/protobuf"
  packages = [
    "jsonpb",
    "proto",
    "protoc-gen-go/descriptor",
    "ptypes",
    "ptypes/any",
    "ptypes/duration",
    "ptypes/struct",
    "ptypes/timestamp",
  ]
  pruneopts = "UT"
  revision = "aa810b61a9c79d51363740d207bb46cf8e620ed5"
  version = "v1.2.0"

[[projects]]
  branch = "master"
  digest = "1:4a0c6bb4805508a6287675fac876be2ac1182539ca8a32468d8128882e9d5009"
  name = "github.com/golang/snappy"
  packages = ["."]
  pruneopts = "UT"
  revision = "2e65f85255dbc3072edf28d6b5b8efc472979f5a"

[[projects]]
  digest = "1:3a26588bc48b96825977c1b3df964f8fd842cd6860cc26370588d3563433cf11"
  name = "github.com/google/uuid"
  packages = ["."]
  pruneopts = "UT"
  revision = "d460ce9f8df2e77fb1ba55ca87fafed96c607494"
  version = "v1.0.0"

[[projects]]
  digest = "1:cee8e8ac80df6373e7daa11baf1f98c1b6f7242c49ccae7e1ec34a971dc408d9"
  name = "github.com/gorilla/websocket"
  packages = ["."]
  pruneopts = "UT"
  revision = "3ff3320c2a1756a3691521efc290b4701575147c"
  version = "v1.3.0"

[[projects]]
  digest = "1:6a06217fc753e65aea71446b777393009ef6797dadc0086c4f75bd16590be04d"
  name = "github.com/grpc-ecosystem/grpc-gateway"
  packages = [
    "runtime",
    "runtime/internal",
    "utilities",
  ]
  pruneopts = "UT"
  revision = "92583770e3f01b09a0d3e9bdf64321d8bebd48f2"
  version = "v1.4.1"

[[projects]]
  branch = "master"
  digest = "1:31e6ca5d3801cd74e569cb9597d5a0b06d862307ffb045e581b44fe4a316ea09"
  name = "github.com/gxed/GoEndian"
  packages = ["."]
  pruneopts = "UT"
  revision = "0f5c6873267e5abf306ffcdfcfa4bf77517ef4a7"

[[projects]]
  branch = "master"
  digest = "1:dc57a2580e33eae03691c9ede0b30cf1dc622ff471fc6a36388879ded5702d02"
  name = "github.com/gxed/eventfd"
  packages = ["."]
  pruneopts = "UT"
  revision = "80a92cca79a8041496ccc9dd773fcb52a57ec6f9"

[[projects]]
  branch = "master"
  digest = "1:e3ddd1f59d3c84917c99ecb1c3420aa6899f6df7495ba9414c13732b2e9568dd"
  name = "github.com/gxed/hashland"
  packages = ["keccakpg"]
  pruneopts = "UT"
  revision = "d9f6b97f8db22dd1e090fd0bbbe98f09cc7dd0a8"

[[projects]]
  branch = "master"
  digest = "1:3f5e7a4329f76e2617bf094eb5eec2ec2eff590d145c0beb32bac699628dea7d"
  name = "github.com/huin/goupnp"
  packages = [
    ".",
    "dcps/internetgateway1",
    "dcps/internetgateway2",
    "httpu",
    "scpd",
    "soap",
    "ssdp",
  ]
  pruneopts = "UT"
  revision = "1395d1447324cbea88d249fbfcfd70ea878fdfca"

[[projects]]
  digest = "1:f147b9478d08ff3880ddf082e61ee9de8b8ea5143c35fbc4571df59abd837753"
  name = "github.com/ipfs/go-block-format"
  packages = ["."]
  pruneopts = "UT"
  revision = "071a086542e0c24bfd773f68aead14ceb77bc817"
  version = "v0.2.0"

[[projects]]
  digest = "1:9999472bf9c934426d967c507d61f2de84affb8318b8d8c8bc38b3486edbd826"
  name = "github.com/ipfs/go-cid"
  packages = ["."]
  pruneopts = "UT"
  revision = "6e296c5c49ad84dc6a44af69fa1fe4e1245cd0cf"
  version = "v0.9.0"

[[projects]]
  digest = "1:aae82c244bd91107575a0244a29e82e34ba23e06b6892557e33728de48deba96"
  name = "github.com/ipfs/go-ipfs-util"
  packages = ["."]
  pruneopts = "UT"
  revision = "10d786c5ed859afd22223df76a89bf57b24b2ee1"
  version = "v1.2.8"

[[projects]]
  digest = "1:2a491fe250b1058b3aa1565e16858712021dc8462e2b94b4c58a6ea8ea53fc24"
  name = "github.com/ipfs/go-log"
  packages = [
    ".",
    "tracer",
    "tracer/wire",
    "writer",
  ]
  pruneopts = "UT"
  revision = "5dc2060baaf8db344f31dafd852340b93811d03f"
  version = "v1.5.3"

[[projects]]
  digest = "1:6b8866cc9496eada254debc24199981e21fd70fd0031ff7a581ac91be47187bb"
  name = "github.com/jackpal/gateway"
  packages = ["."]
  pruneopts = "UT"
  revision = "3e333950771011fed13be63e62b9f473c5e0d9bf"
  version = "v1.0.4"

[[projects]]
  digest = "1:32b82e71cf24f8b78323e0d7903c4b90278486283965aa2a19b1ea13763b8f34"
  name = "github.com/jackpal/go-nat-pmp"
  packages = ["."]
  pruneopts = "UT"
  revision = "c9cfead9f2a36ddf3daa40ba269aa7f4bbba6b62"
  version = "v1.0.1"

[[projects]]
  branch = "master"
  digest = "1:8f4aedc183dc8dfef9a7a1f1ba205dc87ecd2675eea350a736bda889e3bcf8ea"
  name = "github.com/jbenet/go-temp-err-catcher"
  packages = ["."]
  pruneopts = "UT"
  revision = "aac704a3f4f27190b4ccc05f303a4931fd1241ff"

[[projects]]
  branch = "master"
  digest = "1:a2a82ac6d7f2ab5966591f95612e3ecd9afed66051189e06876a29ed3744a3ea"
  name = "github.com/jbenet/goprocess"
  packages = [
    ".",
    "context",
    "periodic",
    "ratelimit",
  ]
  pruneopts = "UT"
  revision = "b497e2f366b8624394fb2e89c10ab607bebdde0b"

[[projects]]
  digest = "1:f3f143e9085a1fbff293e8f131f35c6f9d6b2023002fd719a08655b1a9c6e745"
  name = "github.com/libp2p/go-addr-util"
  packages = ["."]
  pruneopts = "UT"
  revision = "26ae616f0dac754fff557513e984f930fbd88a92"
  version = "v2.0.5"

[[projects]]
  digest = "1:d1ec17f0112c93d896c5e14d56923b63e530440a06f9827b8959a6674a5b1428"
  name = "github.com/libp2p/go-conn-security"
  packages = [
    ".",
    "insecure",
  ]
  pruneopts = "UT"
  revision = "99d74deb2467141f291494833ceca76049c54d0e"
  version = "v0.1.8"

[[projects]]
  digest = "1:56a9a88475585862ab65d9686451656c7143dab7c0ff34108ffd97301bfccea9"
  name = "github.com/libp2p/go-conn-security-multistream"
  packages = ["."]
  pruneopts = "UT"
  revision = "3de64db695ce32ebd56b15f95833d0c461d736ba"
  version = "v0.1.7"

[[projects]]
  digest = "1:19f2d2506cc0f9a233c9c0753e8c3fd5afa88afb43ff7b795cbba3629d0e96b5"
  name = "github.com/libp2p/go-flow-metrics"
  packages = ["."]
  pruneopts = "UT"
  revision = "cc546389dcf06b4bcbf6b8594069588e5c8a1451"
  version = "v0.2.0"

[[projects]]
  digest = "1:838743ff698c0cdbafbb57c2c50be82b574e4dff1efa8ae3d4689979637cab0e"
  name = "github.com/libp2p/go-libp2p"
  packages = [
    ".",
    "config",
    "p2p/host/basic",
    "p2p/protocol/identify",
    "p2p/protocol/identify/pb",
  ]
  pruneopts = "UT"
  revision = "ab978fcf9dcf614300807c9f9003ce2fa7d504a3"
  version = "v6.0.9"

[[projects]]
  digest = "1:06c26b7237495bbfb37270e5c1e2cd9246529503fd98b0453269849702ec874a"
  name = "github.com/libp2p/go-libp2p-circuit"
  packages = [
    ".",
    "pb",
  ]
  pruneopts = "UT"
  revision = "765c4589c3e527d47839f8a8b77e5d4961bb0e61"
  version = "v2.1.10"

[[projects]]
  digest = "1:398fcba7a9942805bb7aea628845625f8202f8bfac850f9600e52d39afb11061"
  name = "github.com/libp2p/go-libp2p-crypto"
  packages = [
    ".",
    "pb",
  ]
  pruneopts = "UT"
  revision = "50487e0f0b4842e9e657317e689fbb8209fab2dc"
  version = "v1.6.2"

[[projects]]
  digest = "1:401be3bff18d6328272ae47e2ce6f8a0fdaf8bdc81374a963439d4dc1022f555"
  name = "github.com/libp2p/go-libp2p-host"
  packages = ["."]
  pruneopts = "UT"
  revision = "37b75b4e86d22a6b66af72d93071a6cc13469527"
  version = "v3.0.7"

[[projects]]
  digest = "1:0f78d64090270d1d6cc30d0ab6bba4e757602bec5d4ef7f2ada57e8cd6e53477"
  name = "github.com/libp2p/go-libp2p-interface-connmgr"
  packages = ["."]
  pruneopts = "UT"
  revision = "5c98952f405f0663ee124d26e8fb213396afe7b2"
  version = "v0.0.14"

[[projects]]
  digest = "1:d7341fdf91c4ea53d68c29ad76965bbbb2f7ba09369bfa7f8339ffbeeb49e2f8"
  name = "github.com/libp2p/go-libp2p-interface-pnet"
  packages = ["."]
  pruneopts = "UT"
  revision = "3eda0a328422c06235501df5be481e4b51edc7cf"
  version = "v3.0.0"

[[projects]]
  digest = "1:0adb0e02c23a86b398f70ab1cce06323009a4cbbcf282af630d15681bcac0e90"
  name = "github.com/libp2p/go-libp2p-loggables"
  packages = ["."]
  pruneopts = "UT"
  revision = "58a5d94871458043fc0797727b24fc77a94f203b"
  version = "v1.1.20"

[[projects]]
  digest = "1:627ef3aad43938f7fd6ed32ddcc3a894105bdeefd3c6726a34558a04efa809ff"
  name = "github.com/libp2p/go-libp2p-metrics"
  packages = ["."]
  pruneopts = "UT"
  revision = "248d3d2b55aa5d50a6b2d50e4a8c02d5c05cdb2e"
  version = "v2.1.4"

[[projects]]
  digest = "1:b2a3f926fea33b868c11a841e4a2d6069e08075d8e1dee95fa231b64ff6cc405"
  name = "github.com/libp2p/go-libp2p-nat"
  packages = ["."]
  pruneopts = "UT"
  revision = "491e7233bd3877ec8dafbab465cf5ac70e32fced"
  version = "v0.8.6"

[[projects]]
  digest = "1:acb9b4e006c5fc57217a27aa761da323dae069a605955f7c1a72583d8b5281d9"
  name = "github.com/libp2p/go-libp2p-net"
  packages = ["."]
  pruneopts = "UT"
  revision = "1eeec6d7e4e6d46717a764778c7b6b07285900e0"
  version = "v3.0.8"

[[projects]]
  digest = "1:aad19d7f56eea6ceafbe7cf19291a1af3e00b80b9bef35f1f5aa4da0f7b56b44"
  name = "github.com/libp2p/go-libp2p-peer"
  packages = ["."]
  pruneopts = "UT"
  revision = "554a9b76b860b599d3ef0806a142fdd2c2e9a3d6"
  version = "v2.3.6"

[[projects]]
  digest = "1:2f583d2aa1131f6f5634a26ca1757a7e625da97060c8ca6d79eed0ad89745ee6"
  name = "github.com/libp2p/go-libp2p-peerstore"
  packages = [
    ".",
    "addr",
  ]
  pruneopts = "UT"
  revision = "3a59fa1e0084b0ffefa9f386092efe408095f0d2"
  version = "v1.4.23"

[[projects]]
  digest = "1:99c29233479cb14a63c7cb6b49927a60ae9d6b4b36d74deb12cc45ce503ddeb5"
  name = "github.com/libp2p/go-libp2p-protocol"
  packages = ["."]
  pruneopts = "UT"
  revision = "e34f0d7468b3519bf9bf4e43c1d028ce651eab51"
  version = "v1.0.0"

[[projects]]
  digest = "1:d6a79cd750d8273d5d9b9df77b47f72f1d3bd06a80333d3c3425e7e6c1005d29"
  name = "github.com/libp2p/go-libp2p-secio"
  packages = [
    ".",
    "pb",
  ]
  pruneopts = "UT"
  revision = "0613eff75c6b8203930579b9159f8d3dbb21e392"
  version = "v2.0.8"

[[projects]]
  digest = "1:05f4382c8b521f04d4fe2ebb119b295e0d8024e613795e35d0f150d0fa0e337e"
  name = "github.com/libp2p/go-libp2p-swarm"
  packages = ["."]
  pruneopts = "UT"
  revision = "a13e3ec8a5953802db0208ed5c4219476eaa5a6c"
  version = "v3.0.9"

[[projects]]
  digest = "1:3b10a27f9f9cd4735f799f64bcc8b7a49ce28cb6ca32c6ff674efe06797a061f"
  name = "github.com/libp2p/go-libp2p-transport"
  packages = ["."]
  pruneopts = "UT"
  revision = "c87b841d9637c0a42485bc4cff2a7656d429fbee"
  version = "v3.0.8"

[[projects]]
  digest = "1:4be1ad182a90655f76bc7adda9b83c2601067da481f5fecf30491b3f6da2237e"
  name = "github.com/libp2p/go-libp2p-transport-upgrader"
  packages = ["."]
  pruneopts = "UT"
  revision = "915345fa39935b4b4e308d6437fdda9b7df1a988"
  version = "v0.1.8"

[[projects]]
  digest = "1:5cd9cd7427d07a96e475603bcae6206ff85ecefde1f71c023694342a4bede3e5"
  name = "github.com/libp2p/go-maddr-filter"
  packages = ["."]
  pruneopts = "UT"
  revision = "57fd7e2ed649ba28b4f2c7bcab3a606e7cc4b12c"
  version = "v1.1.9"

[[projects]]
  digest = "1:84f1f9a5b879641c8860e10fa33af5ea753753395f5dd9aff4bd6a1cf64bbd42"
  name = "github.com/libp2p/go-msgio"
  packages = [
    ".",
    "mpool",
  ]
  pruneopts = "UT"
  revision = "fa984f54d57f20970aac9309a89a7ea40821f67c"
  version = "v0.0.3"

[[projects]]
  digest = "1:f3f2b82cd09f0c9f000091d1ddfeef82a4c3f147ebd415c3fb4ac234f6e9da09"
  name = "github.com/libp2p/go-reuseport"
  packages = [
    ".",
    "poll",
    "singlepoll",
  ]
  pruneopts = "UT"
  revision = "562c3ba3003e80c9829992a6c1a760d51eb0792b"
  version = "v0.1.17"

[[projects]]
  digest = "1:8858cb2fc1a8c044a240dfd2d4301343e39fe786fc3cb5e3e66b5c4d7ec7ffdb"
  name = "github.com/libp2p/go-reuseport-transport"
  packages = ["."]
  pruneopts = "UT"
  revision = "90b3b0a82752ab21f0c7fc2921335eabb64077c5"
  version = "v0.1.9"

[[projects]]
  digest = "1:96eca00555fddc36f6d1dc6d5d47435005bf8a950e700afcd76508bde723bc0e"
  name = "github.com/libp2p/go-sockaddr"
  packages = ["net"]
  pruneopts = "UT"
  revision = "5c3ac7e71ec1941a0c2ed4271535d9427feb829c"
  version = "v1.0.3"

[[projects]]
  digest = "1:6dab34eae15e82d15c17cedabb7d641b62731cc5c7a3ed233dba226f8e5cb688"
  name = "github.com/libp2p/go-stream-muxer"
  packages = ["."]
  pruneopts = "UT"
  revision = "2ba231669cdd8d310277307dec6ced95a190c495"
  version = "v3.0.1"

[[projects]]
  digest = "1:5424a26baf10daf3bc1ab6830e0eabb874eccab6bd1353e550758c64ad7593ea"
  name = "github.com/libp2p/go-tcp-transport"
  packages = ["."]
  pruneopts = "UT"
  revision = "6542203d415dadff641ae94f9a6b51fead8bded7"
  version = "v2.0.8"

[[projects]]
  digest = "1:e5d867e25138022337e98b76ec4611e20a887a4b11d2c6d5173c46670b6c00ff"
  name = "github.com/libp2p/go-ws-transport"
  packages = ["."]
  pruneopts = "UT"
  revision = "32d17885f64a5e902a758dfa793988c3cbbd28e9"
  version = "v2.0.8"

[[projects]]
  digest = "1:c658e84ad3916da105a761660dcaeb01e63416c8ec7bc62256a9b411a05fcd67"
  name = "github.com/mattn/go-colorable"
  packages = ["."]
  pruneopts = "UT"
  revision = "167de6bfdfba052fa6b2d3664c8f5272e23c9072"
  version = "v0.0.9"

[[projects]]
  digest = "1:d4d17353dbd05cb52a2a52b7fe1771883b682806f68db442b436294926bbfafb"
  name = "github.com/mattn/go-isatty"
  packages = ["."]
  pruneopts = "UT"
  revision = "0360b2af4f38e8d38c7fce2a9f4e702702d73a39"
  version = "v0.0.3"

[[projects]]
  branch = "master"
  digest = "1:130cefe87d7eeefc824978dcb78e35672d4c49a11f25c153fbf0cfd952756fa3"
  name = "github.com/minio/blake2b-simd"
  packages = ["."]
  pruneopts = "UT"
  revision = "3f5f724cb5b182a5c278d6d3d55b40e7f8c2efb4"

[[projects]]
  branch = "master"
  digest = "1:17e048d1af8833670439d1ad0c92305fc1ad503e5d03f37ee667c0074df0fd03"
  name = "github.com/minio/sha256-simd"
  packages = ["."]
  pruneopts = "UT"
  revision = "ad98a36ba0da87206e3378c556abbfeaeaa98668"

[[projects]]
  digest = "1:bf8079a82a9d26fbfe7ea6b886878b0f3d8d00b174e364b024ca5c50e59c8d92"
  name = "github.com/mongodb/mongo-go-driver"
  packages = [
    "bson",
    "bson/bsoncodec",
    "bson/builder",
    "bson/decimal",
    "bson/elements",
    "bson/internal/llbson",
    "bson/objectid",
    "bson/parser",
    "bson/parser/ast",
    "core/address",
    "core/auth",
    "core/auth/internal/gssapi",
    "core/command",
    "core/compressor",
    "core/connection",
    "core/connstring",
    "core/description",
    "core/dispatch",
    "core/event",
    "core/option",
    "core/readconcern",
    "core/readpref",
    "core/result",
    "core/session",
    "core/tag",
    "core/topology",
    "core/uuid",
    "core/version",
    "core/wiremessage",
    "core/writeconcern",
    "internal",
    "mongo",
    "mongo/aggregateopt",
    "mongo/changestreamopt",
    "mongo/clientopt",
    "mongo/collectionopt",
    "mongo/countopt",
    "mongo/dbopt",
    "mongo/deleteopt",
    "mongo/distinctopt",
    "mongo/dropcollopt",
    "mongo/findopt",
    "mongo/indexopt",
    "mongo/insertopt",
    "mongo/listcollectionopt",
    "mongo/listdbopt",
    "mongo/mongoopt",
    "mongo/replaceopt",
    "mongo/runcmdopt",
    "mongo/sessionopt",
    "mongo/transactionopt",
    "mongo/updateopt",
  ]
  pruneopts = "UT"
  revision = "71de844febff6ac5b6fc6ba165e24e9677d2ee05"
  version = "v0.0.15"

[[projects]]
  branch = "master"
  digest = "1:b9b9f43a8a410d633e6547f89e830926741070941f2243d4d3a0bb154f565c9e"
  name = "github.com/mr-tron/base58"
  packages = ["base58"]
  pruneopts = "UT"
  revision = "f84df45a6b88974a98d1473e9f0de0eac859a3d9"

[[projects]]
  digest = "1:93e03541a8775ed6f7de497a20af8b7307833b6b112035e4e4c551fa6eeb6404"
  name = "github.com/multiformats/go-multiaddr"
  packages = ["."]
  pruneopts = "UT"
  revision = "f36800afeb9c141e1adb7da099e6f010dfd4c419"
  version = "v1.2.7"

[[projects]]
  digest = "1:0ac2fc7c574b6dc1e3179afdd73b1a5c33eace72661416e42026208f826c0e2e"
  name = "github.com/multiformats/go-multiaddr-dns"
  packages = ["."]
  pruneopts = "UT"
  revision = "4c36f46414bba59a19ffe5154841f76d4a55b780"
  version = "v0.2.3"

[[projects]]
  digest = "1:366fc9e8771a5bae7369aa1740cef4771380c01ce6444c58ce7a70bac5a45f31"
  name = "github.com/multiformats/go-multiaddr-net"
  packages = ["."]
  pruneopts = "UT"
  revision = "4d4b901d1729f55ee20cc0c8d8021aa58eb5ebe3"
  version = "v1.6.2"

[[projects]]
  digest = "1:28e83f2abf3e3c83b9ad533a4295bdff102f94868b06d5f7bfe71c5477d81c8f"
  name = "github.com/multiformats/go-multibase"
  packages = ["."]
  pruneopts = "UT"
  revision = "bb91b53e5695e699a86654d77d03db7bc7506d12"
  version = "v0.3.0"

[[projects]]
  digest = "1:c0ea71365e7d0e63a2e8f48e6fc2ba92f2f2b739bbeb3cdabdcd719037e175c2"
  name = "github.com/multiformats/go-multihash"
  packages = ["."]
  pruneopts = "UT"
  revision = "8be2a682ab9f254311de1375145a2f78a809b07d"
  version = "v1.0.8"

[[projects]]
  digest = "1:afaa9379e7b8039f8eee854ef71f5501e4bb68d4533e9aaa2f3756797b06d03b"
  name = "github.com/multiformats/go-multistream"
  packages = ["."]
  pruneopts = "UT"
  revision = "2b032632ecab1e1b98c8d2391a4f6ab9a6c9e140"
  version = "v0.3.7"

[[projects]]
  digest = "1:450b7623b185031f3a456801155c8320209f75d0d4c4e633c6b1e59d44d6e392"
  name = "github.com/opentracing/opentracing-go"
  packages = [
    ".",
    "ext",
    "log",
  ]
  pruneopts = "UT"
  revision = "1949ddbfd147afd4d964a9f00b24eb291e0e7c38"
  version = "v1.0.2"

[[projects]]
  digest = "1:919bb3aa6d9d0b67648c219fa4925312bc3c2872da19e818fa769e9c97a2b643"
  name = "github.com/spaolacci/murmur3"
  packages = ["."]
  pruneopts = "UT"
  revision = "9f5d223c60793748f04a9d5b4b4eacddfc1f755d"
  version = "v1.1"

[[projects]]
  branch = "master"
  digest = "1:98fa13beefbf581ec173561adad6374c460631593b4bdcf03adc29cd18e5d2f5"
  name = "github.com/whyrusleeping/base32"
  packages = ["."]
  pruneopts = "UT"
  revision = "c30ac30633ccdabefe87eb12465113f06f1bab75"

[[projects]]
  branch = "master"
  digest = "1:0102dfa2f98777db8ff68c920bef1be3ff8504e90485b6cdd24d61b981b487b6"
  name = "github.com/whyrusleeping/go-logging"
  packages = ["."]
  pruneopts = "UT"
  revision = "0457bb6b88fc1973573aaf6b5145d8d3ae972390"

[[projects]]
  digest = "1:05722d7ef5b5761b4d9d76ac15bf02faa4d7c3abdac6f88f3eb6f19957011e1d"
  name = "github.com/whyrusleeping/go-multiplex"
  packages = ["."]
  pruneopts = "UT"
  revision = "0cf3aebfba46b9267722f196b12146a7553da895"
  version = "v0.2.25"

[[projects]]
  branch = "master"
  digest = "1:94796f9decedb46b17985693cbe996ce3642a991f0efcf7bf9a6c5197da3eefc"
  name = "github.com/whyrusleeping/go-notifier"
  packages = ["."]
  pruneopts = "UT"
  revision = "097c5d47330ff6a823f67e3515faa13566a62c6f"

[[projects]]
  digest = "1:9426f8cd0c6b30f49e41dfda5550efc313e2fae9134fc09d71489c00a05cc55a"
  name = "github.com/whyrusleeping/go-smux-multiplex"
  packages = ["."]
  pruneopts = "UT"
  revision = "cc30230b7c9a992ab1614cf9fb9bfc5f8244f907"
  version = "v3.0.12"

[[projects]]
  branch = "master"
  digest = "1:12d64a892e0dedd762afb848165bbb1216cc90f3ee6be0cdc1bc7a2bc292445b"
  name = "github.com/whyrusleeping/go-smux-multistream"
  packages = ["."]
  pruneopts = "UT"
  revision = "c707bf3c25fa380b20b54907790efde288775938"

[[projects]]
  branch = "master"
  digest = "1:6cf91ec171d1145ef67f376f6604b3087c220ca8daec8eb4a06c4d0cf85bb287"
  name = "github.com/whyrusleeping/go-smux-yamux"
  packages = ["."]
  pruneopts = "UT"
  revision = "eac25f3e2d47aae211e457e7664b52634c95eea8"

[[projects]]
  branch = "master"
  digest = "1:2d95e961c6b817149bf784b8a99788138bd929728e1c8235e82a4b09987b9e3f"
  name = "github.com/whyrusleeping/mafmt"
  packages = ["."]
  pruneopts = "UT"
  revision = "1dc32401ee9fdd3f6cdb3405ec984d5dae877b2a"

[[projects]]
  branch = "master"
  digest = "1:94b933c1b26f1da25d25a089937d15987170a0a54109aa521a111345c3e84581"
  name = "github.com/whyrusleeping/multiaddr-filter"
  packages = ["."]
  pruneopts = "UT"
  revision = "e903e4adabd70b78bc9293b6ee4f359afb3f9f59"

[[projects]]
  branch = "master"
  digest = "1:10169680429f9048339c043cafaba9a8210da38e2333fc3e7bae75acbcc77abd"
  name = "github.com/whyrusleeping/yamux"
  packages = ["."]
  pruneopts = "UT"
  revision = "cb29a700b01dc3c2fdd743c00cf54685056bb62a"

[[projects]]
  branch = "master"
  digest = "1:40fdfd6ab85ca32b6935853bbba35935dcb1d796c8135efd85947566c76e662e"
  name = "github.com/xdg/scram"
  packages = ["."]
  pruneopts = "UT"
  revision = "7eeb5667e42c09cb51bf7b7c28aea8c56767da90"

[[projects]]
  digest = "1:577b99fc55ee19cbf1ffd072808c91ced78cd732bd9d0517bec9b90e532069cb"
  name = "github.com/xdg/stringprep"
  packages = ["."]
  pruneopts = "UT"
  revision = "bd625b8dc1e3b0f57412280ccbcc317f0c69d8db"
  version = "v1.0.0"

[[projects]]
  branch = "master"
  digest = "1:386d80b1b180c885d487fd2397718e80786040ea5f7335e95bc75de9c041e053"
  name = "golang.org/x/crypto"
  packages = [
    "blake2s",
    "blowfish",
    "pbkdf2",
    "sha3",
  ]
  pruneopts = "UT"
  revision = "614d502a4dac94afa3a6ce146bd1736da82514c6"

[[projects]]
  branch = "master"
  digest = "1:0d4f8cb3700c4d2e7b4b236955f14ea8a9792b6a3f4d3ee77f7b7d5fc07902f5"
  name = "golang.org/x/net"
  packages = [
    "context",
    "html",
    "html/atom",
    "html/charset",
    "http/httpguts",
    "http2",
    "http2/hpack",
    "idna",
    "internal/timeseries",
    "trace",
  ]
  pruneopts = "UT"
  revision = "8a410e7b638dca158bf9e766925842f6651ff828"

[[projects]]
  branch = "master"
  digest = "1:e0140c0c868c6e0f01c0380865194592c011fe521d6e12d78bfd33e756fe018a"
  name = "golang.org/x/sync"
  packages = ["semaphore"]
  pruneopts = "UT"
  revision = "1d60e4601c6fd243af51cc01ddf169918a5407ca"

[[projects]]
  branch = "master"
  digest = "1:d07a7ee9784e2c260a3f45bb2a9c7b9a10eccd319f488ca6447723b2129ec29e"
  name = "golang.org/x/sys"
  packages = [
    "cpu",
    "unix",
    "windows",
  ]
  pruneopts = "UT"
  revision = "d99a578cf41bfccdeaf48b0845c823a4b8b0ad5e"

[[projects]]
  digest = "1:436b24586f8fee329e0dd65fd67c817681420cda1d7f934345c13fe78c212a73"
  name = "golang.org/x/text"
  packages = [
    "collate",
    "collate/build",
    "encoding",
    "encoding/charmap",
    "encoding/htmlindex",
    "encoding/internal",
    "encoding/internal/identifier",
    "encoding/japanese",
    "encoding/korean",
    "encoding/simplifiedchinese",
    "encoding/traditionalchinese",
    "encoding/unicode",
    "internal/colltab",
    "internal/gen",
    "internal/tag",
    "internal/triegen",
    "internal/ucd",
    "internal/utf8internal",
    "language",
    "runes",
    "secure/bidirule",
    "transform",
    "unicode/bidi",
    "unicode/cldr",
    "unicode/norm",
    "unicode/rangetable",
  ]
  pruneopts = "UT"
  revision = "f21a4dfb5e38f5895301dc265a8def02365cc3d0"
  version = "v0.3.0"

[[projects]]
  digest = "1:c25289f43ac4a68d88b02245742347c94f1e108c534dda442188015ff80669b3"
  name = "google.golang.org/appengine"
  packages = ["cloudsql"]
  pruneopts = "UT"
  revision = "ae0ab99deb4dc413a2b4bd6c8bdd0eb67f1e4d06"
  version = "v1.2.0"

[[projects]]
  branch = "master"
  digest = "1:077c1c599507b3b3e9156d17d36e1e61928ee9b53a5b420f10f28ebd4a0b275c"
  name = "google.golang.org/genproto"
  packages = ["googleapis/rpc/status"]
  pruneopts = "UT"
  revision = "c66870c02cf823ceb633bcd05be3c7cda29976f4"

[[projects]]
  digest = "1:76332e947f184a2dc091db40f22c7089ada36bbc577793074639695af85a10fd"
  name = "google.golang.org/grpc"
  packages = [
    ".",
    "balancer",
    "balancer/base",
    "balancer/roundrobin",
    "codes",
    "connectivity",
    "credentials",
    "encoding",
    "encoding/proto",
    "grpclog",
    "internal",
    "internal/backoff",
    "internal/channelz",
    "internal/envconfig",
    "internal/grpcrand",
    "internal/transport",
    "keepalive",
    "metadata",
    "naming",
    "peer",
    "reflection",
    "reflection/grpc_reflection_v1alpha",
    "resolver",
    "resolver/dns",
    "resolver/passthrough",
    "stats",
    "status",
    "tap",
  ]
  pruneopts = "UT"
  revision = "32fb0ac620c32ba40a4626ddf94d90d12cce3455"
  version = "v1.14.0"

[solve-meta]
  analyzer-name = "dep"
  analyzer-version = 1
  input-imports = [
    "github.com/btc/pubsub",
    "github.com/davecgh/go-spew/spew",
    "github.com/go-sql-driver/mysql",
    "github.com/golang/glog",
    "github.com/golang/protobuf/proto",
    "github.com/grpc-ecosystem/grpc-gateway/runtime",
    "github.com/grpc-ecosystem/grpc-gateway/utilities",
    "github.com/ipfs/go-block-format",
    "github.com/ipfs/go-cid",
    "github.com/ipfs/go-log",
    "github.com/libp2p/go-libp2p",
    "github.com/libp2p/go-libp2p-crypto",
    "github.com/libp2p/go-libp2p-host",
    "github.com/libp2p/go-libp2p-net",
    "github.com/libp2p/go-libp2p-peer",
    "github.com/libp2p/go-libp2p-peerstore",
    "github.com/mongodb/mongo-go-driver/mongo",
    "github.com/multiformats/go-multiaddr",
    "github.com/whyrusleeping/go-logging",
    "golang.org/x/net/context",
    "google.golang.org/grpc",
    "google.golang.org/grpc/codes",
    "google.golang.org/grpc/grpclog",
    "google.golang.org/grpc/reflection",
    "google.golang.org/grpc/status",
  ]
  solver-name = "gps-cdcl"
  solver-version = 1
